// !$*UTF8*$!
{
	archiveVersion = 1;
	classes = {
	};
	objectVersion = 55;
	objects = {

/* Begin PBXBuildFile section */
		6353511727F5CD69001C4512 /* AppDelegate.swift in Sources */ = {isa = PBXBuildFile; fileRef = 6353511627F5CD69001C4512 /* AppDelegate.swift */; };
		6353511927F5CD69001C4512 /* SceneDelegate.swift in Sources */ = {isa = PBXBuildFile; fileRef = 6353511827F5CD69001C4512 /* SceneDelegate.swift */; };
		6353511B27F5CD69001C4512 /* DetailsController.swift in Sources */ = {isa = PBXBuildFile; fileRef = 6353511A27F5CD69001C4512 /* DetailsController.swift */; };
		6353511E27F5CD69001C4512 /* Main.storyboard in Resources */ = {isa = PBXBuildFile; fileRef = 6353511C27F5CD69001C4512 /* Main.storyboard */; };
		6353512127F5CD69001C4512 /* Players_Core_Data.xcdatamodeld in Sources */ = {isa = PBXBuildFile; fileRef = 6353511F27F5CD69001C4512 /* Players_Core_Data.xcdatamodeld */; };
		6353512327F5CD6A001C4512 /* Assets.xcassets in Resources */ = {isa = PBXBuildFile; fileRef = 6353512227F5CD6A001C4512 /* Assets.xcassets */; };
		6353512627F5CD6A001C4512 /* LaunchScreen.storyboard in Resources */ = {isa = PBXBuildFile; fileRef = 6353512427F5CD6A001C4512 /* LaunchScreen.storyboard */; };
		6353513127F5CD6A001C4512 /* Players_Core_DataTests.swift in Sources */ = {isa = PBXBuildFile; fileRef = 6353513027F5CD6A001C4512 /* Players_Core_DataTests.swift */; };
		6353513B27F5CD6A001C4512 /* Players_Core_DataUITests.swift in Sources */ = {isa = PBXBuildFile; fileRef = 6353513A27F5CD6A001C4512 /* Players_Core_DataUITests.swift */; };
		6353513D27F5CD6A001C4512 /* Players_Core_DataUITestsLaunchTests.swift in Sources */ = {isa = PBXBuildFile; fileRef = 6353513C27F5CD6A001C4512 /* Players_Core_DataUITestsLaunchTests.swift */; };
		6353514B27F5CE12001C4512 /* FavouriteTableViewController.swift in Sources */ = {isa = PBXBuildFile; fileRef = 6353514927F5CE12001C4512 /* FavouriteTableViewController.swift */; };
		6353514C27F5CE12001C4512 /* UpdateViewContoller.swift in Sources */ = {isa = PBXBuildFile; fileRef = 6353514A27F5CE12001C4512 /* UpdateViewContoller.swift */; };
		6353515027F5CF0F001C4512 /* players.xml in Resources */ = {isa = PBXBuildFile; fileRef = 6353514F27F5CF0F001C4512 /* players.xml */; };
		6353515227F5CF23001C4512 /* DataParser.swift in Sources */ = {isa = PBXBuildFile; fileRef = 6353515127F5CF23001C4512 /* DataParser.swift */; };
		6353515427F5E682001C4512 /* PlayerTableViewController.swift in Sources */ = {isa = PBXBuildFile; fileRef = 6353515327F5E682001C4512 /* PlayerTableViewController.swift */; };
		6353515627F5F9D2001C4512 /* PlayerTableViewCell.swift in Sources */ = {isa = PBXBuildFile; fileRef = 6353515527F5F9D2001C4512 /* PlayerTableViewCell.swift */; };
		6353515827F5F9E8001C4512 /* AddPlayerViewController.swift in Sources */ = {isa = PBXBuildFile; fileRef = 6353515727F5F9E8001C4512 /* AddPlayerViewController.swift */; };
		6353515B27F603D7001C4512 /* MatchViewController.swift in Sources */ = {isa = PBXBuildFile; fileRef = 6353515A27F603D7001C4512 /* MatchViewController.swift */; };
		63A9322C27F9EA2100DFBF4E /* matches.xml in Resources */ = {isa = PBXBuildFile; fileRef = 63A9322B27F9EA2100DFBF4E /* matches.xml */; };
		63A9322F27F9EB0B00DFBF4E /* MatchCoreDataClass.swift in Sources */ = {isa = PBXBuildFile; fileRef = 63A9322D27F9EB0B00DFBF4E /* MatchCoreDataClass.swift */; };
		63A9323027F9EB0B00DFBF4E /* MatchCoreDataProperties.swift in Sources */ = {isa = PBXBuildFile; fileRef = 63A9322E27F9EB0B00DFBF4E /* MatchCoreDataProperties.swift */; };
		63A9323227F9F5D800DFBF4E /* PlayerTabController.swift in Sources */ = {isa = PBXBuildFile; fileRef = 63A9323127F9F5D800DFBF4E /* PlayerTabController.swift */; };
		63A9323427F9F69000DFBF4E /* WebViewController.swift in Sources */ = {isa = PBXBuildFile; fileRef = 63A9323327F9F69000DFBF4E /* WebViewController.swift */; };
		63D71E0827F6FAC00084D3D9 /* FavouriteCoreDataClass.swift in Sources */ = {isa = PBXBuildFile; fileRef = 63D71E0427F6FAC00084D3D9 /* FavouriteCoreDataClass.swift */; };
		63D71E0927F6FAC00084D3D9 /* FavouriteCoreDataProperties.swift in Sources */ = {isa = PBXBuildFile; fileRef = 63D71E0527F6FAC00084D3D9 /* FavouriteCoreDataProperties.swift */; };
		63D71E0A27F6FAC00084D3D9 /* PlayerCoreDataClass.swift in Sources */ = {isa = PBXBuildFile; fileRef = 63D71E0627F6FAC00084D3D9 /* PlayerCoreDataClass.swift */; };
		63D71E0B27F6FAC00084D3D9 /* PlayerCoreDataProperties.swift in Sources */ = {isa = PBXBuildFile; fileRef = 63D71E0727F6FAC00084D3D9 /* PlayerCoreDataProperties.swift */; };
/* End PBXBuildFile section */

/* Begin PBXContainerItemProxy section */
		6353512D27F5CD6A001C4512 /* PBXContainerItemProxy */ = {
			isa = PBXContainerItemProxy;
			containerPortal = 6353510B27F5CD69001C4512 /* Project object */;
			proxyType = 1;
			remoteGlobalIDString = 6353511227F5CD69001C4512;
			remoteInfo = Players_Core_Data;
		};
		6353513727F5CD6A001C4512 /* PBXContainerItemProxy */ = {
			isa = PBXContainerItemProxy;
			containerPortal = 6353510B27F5CD69001C4512 /* Project object */;
			proxyType = 1;
			remoteGlobalIDString = 6353511227F5CD69001C4512;
			remoteInfo = Players_Core_Data;
		};
/* End PBXContainerItemProxy section */

/* Begin PBXFileReference section */
		6353511327F5CD69001C4512 /* Players_Core_Data.app */ = {isa = PBXFileReference; explicitFileType = wrapper.application; includeInIndex = 0; path = Players_Core_Data.app; sourceTree = BUILT_PRODUCTS_DIR; };
		6353511627F5CD69001C4512 /* AppDelegate.swift */ = {isa = PBXFileReference; lastKnownFileType = sourcecode.swift; path = AppDelegate.swift; sourceTree = "<group>"; };
		6353511827F5CD69001C4512 /* SceneDelegate.swift */ = {isa = PBXFileReference; lastKnownFileType = sourcecode.swift; path = SceneDelegate.swift; sourceTree = "<group>"; };
		6353511A27F5CD69001C4512 /* DetailsController.swift */ = {isa = PBXFileReference; lastKnownFileType = sourcecode.swift; path = DetailsController.swift; sourceTree = "<group>"; };
		6353511D27F5CD69001C4512 /* Base */ = {isa = PBXFileReference; lastKnownFileType = file.storyboard; name = Base; path = Base.lproj/Main.storyboard; sourceTree = "<group>"; };
		6353512027F5CD69001C4512 /* Players_Core_Data.xcdatamodel */ = {isa = PBXFileReference; lastKnownFileType = wrapper.xcdatamodel; path = Players_Core_Data.xcdatamodel; sourceTree = "<group>"; };
		6353512227F5CD6A001C4512 /* Assets.xcassets */ = {isa = PBXFileReference; lastKnownFileType = folder.assetcatalog; path = Assets.xcassets; sourceTree = "<group>"; };
		6353512527F5CD6A001C4512 /* Base */ = {isa = PBXFileReference; lastKnownFileType = file.storyboard; name = Base; path = Base.lproj/LaunchScreen.storyboard; sourceTree = "<group>"; };
		6353512727F5CD6A001C4512 /* Info.plist */ = {isa = PBXFileReference; lastKnownFileType = text.plist.xml; path = Info.plist; sourceTree = "<group>"; };
		6353512C27F5CD6A001C4512 /* Players_Core_DataTests.xctest */ = {isa = PBXFileReference; explicitFileType = wrapper.cfbundle; includeInIndex = 0; path = Players_Core_DataTests.xctest; sourceTree = BUILT_PRODUCTS_DIR; };
		6353513027F5CD6A001C4512 /* Players_Core_DataTests.swift */ = {isa = PBXFileReference; lastKnownFileType = sourcecode.swift; path = Players_Core_DataTests.swift; sourceTree = "<group>"; };
		6353513627F5CD6A001C4512 /* Players_Core_DataUITests.xctest */ = {isa = PBXFileReference; explicitFileType = wrapper.cfbundle; includeInIndex = 0; path = Players_Core_DataUITests.xctest; sourceTree = BUILT_PRODUCTS_DIR; };
		6353513A27F5CD6A001C4512 /* Players_Core_DataUITests.swift */ = {isa = PBXFileReference; lastKnownFileType = sourcecode.swift; path = Players_Core_DataUITests.swift; sourceTree = "<group>"; };
		6353513C27F5CD6A001C4512 /* Players_Core_DataUITestsLaunchTests.swift */ = {isa = PBXFileReference; lastKnownFileType = sourcecode.swift; path = Players_Core_DataUITestsLaunchTests.swift; sourceTree = "<group>"; };
		6353514927F5CE12001C4512 /* FavouriteTableViewController.swift */ = {isa = PBXFileReference; lastKnownFileType = sourcecode.swift; path = FavouriteTableViewController.swift; sourceTree = "<group>"; };
		6353514A27F5CE12001C4512 /* UpdateViewContoller.swift */ = {isa = PBXFileReference; lastKnownFileType = sourcecode.swift; path = UpdateViewContoller.swift; sourceTree = "<group>"; };
		6353514F27F5CF0F001C4512 /* players.xml */ = {isa = PBXFileReference; fileEncoding = 4; lastKnownFileType = text.xml; path = players.xml; sourceTree = "<group>"; };
		6353515127F5CF23001C4512 /* DataParser.swift */ = {isa = PBXFileReference; fileEncoding = 4; lastKnownFileType = sourcecode.swift; path = DataParser.swift; sourceTree = "<group>"; };
		6353515327F5E682001C4512 /* PlayerTableViewController.swift */ = {isa = PBXFileReference; lastKnownFileType = sourcecode.swift; path = PlayerTableViewController.swift; sourceTree = "<group>"; };
		6353515527F5F9D2001C4512 /* PlayerTableViewCell.swift */ = {isa = PBXFileReference; fileEncoding = 4; lastKnownFileType = sourcecode.swift; path = PlayerTableViewCell.swift; sourceTree = "<group>"; };
		6353515727F5F9E8001C4512 /* AddPlayerViewController.swift */ = {isa = PBXFileReference; fileEncoding = 4; lastKnownFileType = sourcecode.swift; path = AddPlayerViewController.swift; sourceTree = "<group>"; };
		6353515A27F603D7001C4512 /* MatchViewController.swift */ = {isa = PBXFileReference; lastKnownFileType = sourcecode.swift; path = MatchViewController.swift; sourceTree = "<group>"; };
		63A9322B27F9EA2100DFBF4E /* matches.xml */ = {isa = PBXFileReference; fileEncoding = 4; lastKnownFileType = text.xml; path = matches.xml; sourceTree = "<group>"; };
		63A9322D27F9EB0B00DFBF4E /* MatchCoreDataClass.swift */ = {isa = PBXFileReference; lastKnownFileType = sourcecode.swift; path = MatchCoreDataClass.swift; sourceTree = "<group>"; };
		63A9322E27F9EB0B00DFBF4E /* MatchCoreDataProperties.swift */ = {isa = PBXFileReference; lastKnownFileType = sourcecode.swift; path = MatchCoreDataProperties.swift; sourceTree = "<group>"; };
		63A9323127F9F5D800DFBF4E /* PlayerTabController.swift */ = {isa = PBXFileReference; fileEncoding = 4; lastKnownFileType = sourcecode.swift; path = PlayerTabController.swift; sourceTree = "<group>"; };
		63A9323327F9F69000DFBF4E /* WebViewController.swift */ = {isa = PBXFileReference; lastKnownFileType = sourcecode.swift; path = WebViewController.swift; sourceTree = "<group>"; };
		63D71E0427F6FAC00084D3D9 /* FavouriteCoreDataClass.swift */ = {isa = PBXFileReference; lastKnownFileType = sourcecode.swift; path = FavouriteCoreDataClass.swift; sourceTree = "<group>"; };
		63D71E0527F6FAC00084D3D9 /* FavouriteCoreDataProperties.swift */ = {isa = PBXFileReference; lastKnownFileType = sourcecode.swift; path = FavouriteCoreDataProperties.swift; sourceTree = "<group>"; };
		63D71E0627F6FAC00084D3D9 /* PlayerCoreDataClass.swift */ = {isa = PBXFileReference; lastKnownFileType = sourcecode.swift; path = PlayerCoreDataClass.swift; sourceTree = "<group>"; };
		63D71E0727F6FAC00084D3D9 /* PlayerCoreDataProperties.swift */ = {isa = PBXFileReference; lastKnownFileType = sourcecode.swift; path = PlayerCoreDataProperties.swift; sourceTree = "<group>"; };
/* End PBXFileReference section */

/* Begin PBXFrameworksBuildPhase section */
		6353511027F5CD69001C4512 /* Frameworks */ = {
			isa = PBXFrameworksBuildPhase;
			buildActionMask = 2147483647;
			files = (
			);
			runOnlyForDeploymentPostprocessing = 0;
		};
		6353512927F5CD6A001C4512 /* Frameworks */ = {
			isa = PBXFrameworksBuildPhase;
			buildActionMask = 2147483647;
			files = (
			);
			runOnlyForDeploymentPostprocessing = 0;
		};
		6353513327F5CD6A001C4512 /* Frameworks */ = {
			isa = PBXFrameworksBuildPhase;
			buildActionMask = 2147483647;
			files = (
			);
			runOnlyForDeploymentPostprocessing = 0;
		};
/* End PBXFrameworksBuildPhase section */

/* Begin PBXGroup section */
		6353510A27F5CD69001C4512 = {
			isa = PBXGroup;
			children = (
				6353511527F5CD69001C4512 /* Players_Core_Data */,
				6353512F27F5CD6A001C4512 /* Players_Core_DataTests */,
				6353513927F5CD6A001C4512 /* Players_Core_DataUITests */,
				6353511427F5CD69001C4512 /* Products */,
			);
			sourceTree = "<group>";
		};
		6353511427F5CD69001C4512 /* Products */ = {
			isa = PBXGroup;
			children = (
				6353511327F5CD69001C4512 /* Players_Core_Data.app */,
				6353512C27F5CD6A001C4512 /* Players_Core_DataTests.xctest */,
				6353513627F5CD6A001C4512 /* Players_Core_DataUITests.xctest */,
			);
			name = Products;
			sourceTree = "<group>";
		};
		6353511527F5CD69001C4512 /* Players_Core_Data */ = {
			isa = PBXGroup;
			children = (
				6353515927F5FA94001C4512 /* controller */,
				6353514E27F5CF06001C4512 /* data */,
				6353514D27F5CE1D001C4512 /* model */,
				6353511627F5CD69001C4512 /* AppDelegate.swift */,
				6353511827F5CD69001C4512 /* SceneDelegate.swift */,
				6353511C27F5CD69001C4512 /* Main.storyboard */,
				6353512227F5CD6A001C4512 /* Assets.xcassets */,
				6353512427F5CD6A001C4512 /* LaunchScreen.storyboard */,
				6353512727F5CD6A001C4512 /* Info.plist */,
				6353511F27F5CD69001C4512 /* Players_Core_Data.xcdatamodeld */,
			);
			path = Players_Core_Data;
			sourceTree = "<group>";
		};
		6353512F27F5CD6A001C4512 /* Players_Core_DataTests */ = {
			isa = PBXGroup;
			children = (
				6353513027F5CD6A001C4512 /* Players_Core_DataTests.swift */,
			);
			path = Players_Core_DataTests;
			sourceTree = "<group>";
		};
		6353513927F5CD6A001C4512 /* Players_Core_DataUITests */ = {
			isa = PBXGroup;
			children = (
				6353513A27F5CD6A001C4512 /* Players_Core_DataUITests.swift */,
				6353513C27F5CD6A001C4512 /* Players_Core_DataUITestsLaunchTests.swift */,
			);
			path = Players_Core_DataUITests;
			sourceTree = "<group>";
		};
		6353514D27F5CE1D001C4512 /* model */ = {
			isa = PBXGroup;
			children = (
				63A9322D27F9EB0B00DFBF4E /* MatchCoreDataClass.swift */,
				63A9322E27F9EB0B00DFBF4E /* MatchCoreDataProperties.swift */,
				63D71E0727F6FAC00084D3D9 /* PlayerCoreDataProperties.swift */,
				63D71E0427F6FAC00084D3D9 /* FavouriteCoreDataClass.swift */,
				63D71E0527F6FAC00084D3D9 /* FavouriteCoreDataProperties.swift */,
				63D71E0627F6FAC00084D3D9 /* PlayerCoreDataClass.swift */,
			);
			path = model;
			sourceTree = "<group>";
		};
		6353514E27F5CF06001C4512 /* data */ = {
			isa = PBXGroup;
			children = (
				63A9322B27F9EA2100DFBF4E /* matches.xml */,
				6353514F27F5CF0F001C4512 /* players.xml */,
				6353515127F5CF23001C4512 /* DataParser.swift */,
			);
			path = data;
			sourceTree = "<group>";
		};
		6353515927F5FA94001C4512 /* controller */ = {
			isa = PBXGroup;
			children = (
				6353515527F5F9D2001C4512 /* PlayerTableViewCell.swift */,
				6353515727F5F9E8001C4512 /* AddPlayerViewController.swift */,
				6353515327F5E682001C4512 /* PlayerTableViewController.swift */,
				6353511A27F5CD69001C4512 /* DetailsController.swift */,
				6353514A27F5CE12001C4512 /* UpdateViewContoller.swift */,
				6353514927F5CE12001C4512 /* FavouriteTableViewController.swift */,
				6353515A27F603D7001C4512 /* MatchViewController.swift */,
				63A9323127F9F5D800DFBF4E /* PlayerTabController.swift */,
				63A9323327F9F69000DFBF4E /* WebViewController.swift */,
			);
			path = controller;
			sourceTree = "<group>";
		};
/* End PBXGroup section */

/* Begin PBXNativeTarget section */
		6353511227F5CD69001C4512 /* Players_Core_Data */ = {
			isa = PBXNativeTarget;
			buildConfigurationList = 6353514027F5CD6A001C4512 /* Build configuration list for PBXNativeTarget "Players_Core_Data" */;
			buildPhases = (
				6353510F27F5CD69001C4512 /* Sources */,
				6353511027F5CD69001C4512 /* Frameworks */,
				6353511127F5CD69001C4512 /* Resources */,
			);
			buildRules = (
			);
			dependencies = (
			);
			name = Players_Core_Data;
			productName = Players_Core_Data;
			productReference = 6353511327F5CD69001C4512 /* Players_Core_Data.app */;
			productType = "com.apple.product-type.application";
		};
		6353512B27F5CD6A001C4512 /* Players_Core_DataTests */ = {
			isa = PBXNativeTarget;
			buildConfigurationList = 6353514327F5CD6A001C4512 /* Build configuration list for PBXNativeTarget "Players_Core_DataTests" */;
			buildPhases = (
				6353512827F5CD6A001C4512 /* Sources */,
				6353512927F5CD6A001C4512 /* Frameworks */,
				6353512A27F5CD6A001C4512 /* Resources */,
			);
			buildRules = (
			);
			dependencies = (
				6353512E27F5CD6A001C4512 /* PBXTargetDependency */,
			);
			name = Players_Core_DataTests;
			productName = Players_Core_DataTests;
			productReference = 6353512C27F5CD6A001C4512 /* Players_Core_DataTests.xctest */;
			productType = "com.apple.product-type.bundle.unit-test";
		};
		6353513527F5CD6A001C4512 /* Players_Core_DataUITests */ = {
			isa = PBXNativeTarget;
			buildConfigurationList = 6353514627F5CD6A001C4512 /* Build configuration list for PBXNativeTarget "Players_Core_DataUITests" */;
			buildPhases = (
				6353513227F5CD6A001C4512 /* Sources */,
				6353513327F5CD6A001C4512 /* Frameworks */,
				6353513427F5CD6A001C4512 /* Resources */,
			);
			buildRules = (
			);
			dependencies = (
				6353513827F5CD6A001C4512 /* PBXTargetDependency */,
			);
			name = Players_Core_DataUITests;
			productName = Players_Core_DataUITests;
			productReference = 6353513627F5CD6A001C4512 /* Players_Core_DataUITests.xctest */;
			productType = "com.apple.product-type.bundle.ui-testing";
		};
/* End PBXNativeTarget section */

/* Begin PBXProject section */
		6353510B27F5CD69001C4512 /* Project object */ = {
			isa = PBXProject;
			attributes = {
				BuildIndependentTargetsInParallel = 1;
				LastSwiftUpdateCheck = 1320;
				LastUpgradeCheck = 1320;
				TargetAttributes = {
					6353511227F5CD69001C4512 = {
						CreatedOnToolsVersion = 13.2.1;
					};
					6353512B27F5CD6A001C4512 = {
						CreatedOnToolsVersion = 13.2.1;
						TestTargetID = 6353511227F5CD69001C4512;
					};
					6353513527F5CD6A001C4512 = {
						CreatedOnToolsVersion = 13.2.1;
						TestTargetID = 6353511227F5CD69001C4512;
					};
				};
			};
			buildConfigurationList = 6353510E27F5CD69001C4512 /* Build configuration list for PBXProject "Players_Core_Data" */;
			compatibilityVersion = "Xcode 13.0";
			developmentRegion = en;
			hasScannedForEncodings = 0;
			knownRegions = (
				en,
				Base,
			);
			mainGroup = 6353510A27F5CD69001C4512;
			productRefGroup = 6353511427F5CD69001C4512 /* Products */;
			projectDirPath = "";
			projectRoot = "";
			targets = (
				6353511227F5CD69001C4512 /* Players_Core_Data */,
				6353512B27F5CD6A001C4512 /* Players_Core_DataTests */,
				6353513527F5CD6A001C4512 /* Players_Core_DataUITests */,
			);
		};
/* End PBXProject section */

/* Begin PBXResourcesBuildPhase section */
		6353511127F5CD69001C4512 /* Resources */ = {
			isa = PBXResourcesBuildPhase;
			buildActionMask = 2147483647;
			files = (
				6353512627F5CD6A001C4512 /* LaunchScreen.storyboard in Resources */,
				63A9322C27F9EA2100DFBF4E /* matches.xml in Resources */,
				6353512327F5CD6A001C4512 /* Assets.xcassets in Resources */,
				6353515027F5CF0F001C4512 /* players.xml in Resources */,
				6353511E27F5CD69001C4512 /* Main.storyboard in Resources */,
			);
			runOnlyForDeploymentPostprocessing = 0;
		};
		6353512A27F5CD6A001C4512 /* Resources */ = {
			isa = PBXResourcesBuildPhase;
			buildActionMask = 2147483647;
			files = (
			);
			runOnlyForDeploymentPostprocessing = 0;
		};
		6353513427F5CD6A001C4512 /* Resources */ = {
			isa = PBXResourcesBuildPhase;
			buildActionMask = 2147483647;
			files = (
			);
			runOnlyForDeploymentPostprocessing = 0;
		};
/* End PBXResourcesBuildPhase section */

/* Begin PBXSourcesBuildPhase section */
		6353510F27F5CD69001C4512 /* Sources */ = {
			isa = PBXSourcesBuildPhase;
			buildActionMask = 2147483647;
			files = (
				63A9323427F9F69000DFBF4E /* WebViewController.swift in Sources */,
				6353515B27F603D7001C4512 /* MatchViewController.swift in Sources */,
				6353511B27F5CD69001C4512 /* DetailsController.swift in Sources */,
				63A9323227F9F5D800DFBF4E /* PlayerTabController.swift in Sources */,
				63A9323027F9EB0B00DFBF4E /* MatchCoreDataProperties.swift in Sources */,
				6353514B27F5CE12001C4512 /* FavouriteTableViewController.swift in Sources */,
				6353514C27F5CE12001C4512 /* UpdateViewContoller.swift in Sources */,
				63D71E0927F6FAC00084D3D9 /* FavouriteCoreDataProperties.swift in Sources */,
				63A9322F27F9EB0B00DFBF4E /* MatchCoreDataClass.swift in Sources */,
				6353511727F5CD69001C4512 /* AppDelegate.swift in Sources */,
				63D71E0827F6FAC00084D3D9 /* FavouriteCoreDataClass.swift in Sources */,
				6353511927F5CD69001C4512 /* SceneDelegate.swift in Sources */,
				6353515227F5CF23001C4512 /* DataParser.swift in Sources */,
				6353515627F5F9D2001C4512 /* PlayerTableViewCell.swift in Sources */,
				6353515427F5E682001C4512 /* PlayerTableViewController.swift in Sources */,
				63D71E0B27F6FAC00084D3D9 /* PlayerCoreDataProperties.swift in Sources */,
				6353512127F5CD69001C4512 /* Players_Core_Data.xcdatamodeld in Sources */,
				63D71E0A27F6FAC00084D3D9 /* PlayerCoreDataClass.swift in Sources */,
				6353515827F5F9E8001C4512 /* AddPlayerViewController.swift in Sources */,
			);
			runOnlyForDeploymentPostprocessing = 0;
		};
		6353512827F5CD6A001C4512 /* Sources */ = {
			isa = PBXSourcesBuildPhase;
			buildActionMask = 2147483647;
			files = (
				6353513127F5CD6A001C4512 /* Players_Core_DataTests.swift in Sources */,
			);
			runOnlyForDeploymentPostprocessing = 0;
		};
		6353513227F5CD6A001C4512 /* Sources */ = {
			isa = PBXSourcesBuildPhase;
			buildActionMask = 2147483647;
			files = (
				6353513D27F5CD6A001C4512 /* Players_Core_DataUITestsLaunchTests.swift in Sources */,
				6353513B27F5CD6A001C4512 /* Players_Core_DataUITests.swift in Sources */,
			);
			runOnlyForDeploymentPostprocessing = 0;
		};
/* End PBXSourcesBuildPhase section */

/* Begin PBXTargetDependency section */
		6353512E27F5CD6A001C4512 /* PBXTargetDependency */ = {
			isa = PBXTargetDependency;
			target = 6353511227F5CD69001C4512 /* Players_Core_Data */;
			targetProxy = 6353512D27F5CD6A001C4512 /* PBXContainerItemProxy */;
		};
		6353513827F5CD6A001C4512 /* PBXTargetDependency */ = {
			isa = PBXTargetDependency;
			target = 6353511227F5CD69001C4512 /* Players_Core_Data */;
			targetProxy = 6353513727F5CD6A001C4512 /* PBXContainerItemProxy */;
		};
/* End PBXTargetDependency section */

/* Begin PBXVariantGroup section */
		6353511C27F5CD69001C4512 /* Main.storyboard */ = {
			isa = PBXVariantGroup;
			children = (
				6353511D27F5CD69001C4512 /* Base */,
			);
			name = Main.storyboard;
			sourceTree = "<group>";
		};
		6353512427F5CD6A001C4512 /* LaunchScreen.storyboard */ = {
			isa = PBXVariantGroup;
			children = (
				6353512527F5CD6A001C4512 /* Base */,
			);
			name = LaunchScreen.storyboard;
			sourceTree = "<group>";
		};
/* End PBXVariantGroup section */

/* Begin XCBuildConfiguration section */
		6353513E27F5CD6A001C4512 /* Debug */ = {
			isa = XCBuildConfiguration;
			buildSettings = {
				ALWAYS_SEARCH_USER_PATHS = NO;
				CLANG_ANALYZER_NONNULL = YES;
				CLANG_ANALYZER_NUMBER_OBJECT_CONVERSION = YES_AGGRESSIVE;
				CLANG_CXX_LANGUAGE_STANDARD = "gnu++17";
				CLANG_CXX_LIBRARY = "libc++";
				CLANG_ENABLE_MODULES = YES;
				CLANG_ENABLE_OBJC_ARC = YES;
				CLANG_ENABLE_OBJC_WEAK = YES;
				CLANG_WARN_BLOCK_CAPTURE_AUTORELEASING = YES;
				CLANG_WARN_BOOL_CONVERSION = YES;
				CLANG_WARN_COMMA = YES;
				CLANG_WARN_CONSTANT_CONVERSION = YES;
				CLANG_WARN_DEPRECATED_OBJC_IMPLEMENTATIONS = YES;
				CLANG_WARN_DIRECT_OBJC_ISA_USAGE = YES_ERROR;
				CLANG_WARN_DOCUMENTATION_COMMENTS = YES;
				CLANG_WARN_EMPTY_BODY = YES;
				CLANG_WARN_ENUM_CONVERSION = YES;
				CLANG_WARN_INFINITE_RECURSION = YES;
				CLANG_WARN_INT_CONVERSION = YES;
				CLANG_WARN_NON_LITERAL_NULL_CONVERSION = YES;
				CLANG_WARN_OBJC_IMPLICIT_RETAIN_SELF = YES;
				CLANG_WARN_OBJC_LITERAL_CONVERSION = YES;
				CLANG_WARN_OBJC_ROOT_CLASS = YES_ERROR;
				CLANG_WARN_QUOTED_INCLUDE_IN_FRAMEWORK_HEADER = YES;
				CLANG_WARN_RANGE_LOOP_ANALYSIS = YES;
				CLANG_WARN_STRICT_PROTOTYPES = YES;
				CLANG_WARN_SUSPICIOUS_MOVE = YES;
				CLANG_WARN_UNGUARDED_AVAILABILITY = YES_AGGRESSIVE;
				CLANG_WARN_UNREACHABLE_CODE = YES;
				CLANG_WARN__DUPLICATE_METHOD_MATCH = YES;
				COPY_PHASE_STRIP = NO;
				DEBUG_INFORMATION_FORMAT = dwarf;
				ENABLE_STRICT_OBJC_MSGSEND = YES;
				ENABLE_TESTABILITY = YES;
				GCC_C_LANGUAGE_STANDARD = gnu11;
				GCC_DYNAMIC_NO_PIC = NO;
				GCC_NO_COMMON_BLOCKS = YES;
				GCC_OPTIMIZATION_LEVEL = 0;
				GCC_PREPROCESSOR_DEFINITIONS = (
					"DEBUG=1",
					"$(inherited)",
				);
				GCC_WARN_64_TO_32_BIT_CONVERSION = YES;
				GCC_WARN_ABOUT_RETURN_TYPE = YES_ERROR;
				GCC_WARN_UNDECLARED_SELECTOR = YES;
				GCC_WARN_UNINITIALIZED_AUTOS = YES_AGGRESSIVE;
				GCC_WARN_UNUSED_FUNCTION = YES;
				GCC_WARN_UNUSED_VARIABLE = YES;
				IPHONEOS_DEPLOYMENT_TARGET = 15.2;
				MTL_ENABLE_DEBUG_INFO = INCLUDE_SOURCE;
				MTL_FAST_MATH = YES;
				ONLY_ACTIVE_ARCH = YES;
				SDKROOT = iphoneos;
				SWIFT_ACTIVE_COMPILATION_CONDITIONS = DEBUG;
				SWIFT_OPTIMIZATION_LEVEL = "-Onone";
			};
			name = Debug;
		};
		6353513F27F5CD6A001C4512 /* Release */ = {
			isa = XCBuildConfiguration;
			buildSettings = {
				ALWAYS_SEARCH_USER_PATHS = NO;
				CLANG_ANALYZER_NONNULL = YES;
				CLANG_ANALYZER_NUMBER_OBJECT_CONVERSION = YES_AGGRESSIVE;
				CLANG_CXX_LANGUAGE_STANDARD = "gnu++17";
				CLANG_CXX_LIBRARY = "libc++";
				CLANG_ENABLE_MODULES = YES;
				CLANG_ENABLE_OBJC_ARC = YES;
				CLANG_ENABLE_OBJC_WEAK = YES;
				CLANG_WARN_BLOCK_CAPTURE_AUTORELEASING = YES;
				CLANG_WARN_BOOL_CONVERSION = YES;
				CLANG_WARN_COMMA = YES;
				CLANG_WARN_CONSTANT_CONVERSION = YES;
				CLANG_WARN_DEPRECATED_OBJC_IMPLEMENTATIONS = YES;
				CLANG_WARN_DIRECT_OBJC_ISA_USAGE = YES_ERROR;
				CLANG_WARN_DOCUMENTATION_COMMENTS = YES;
				CLANG_WARN_EMPTY_BODY = YES;
				CLANG_WARN_ENUM_CONVERSION = YES;
				CLANG_WARN_INFINITE_RECURSION = YES;
				CLANG_WARN_INT_CONVERSION = YES;
				CLANG_WARN_NON_LITERAL_NULL_CONVERSION = YES;
				CLANG_WARN_OBJC_IMPLICIT_RETAIN_SELF = YES;
				CLANG_WARN_OBJC_LITERAL_CONVERSION = YES;
				CLANG_WARN_OBJC_ROOT_CLASS = YES_ERROR;
				CLANG_WARN_QUOTED_INCLUDE_IN_FRAMEWORK_HEADER = YES;
				CLANG_WARN_RANGE_LOOP_ANALYSIS = YES;
				CLANG_WARN_STRICT_PROTOTYPES = YES;
				CLANG_WARN_SUSPICIOUS_MOVE = YES;
				CLANG_WARN_UNGUARDED_AVAILABILITY = YES_AGGRESSIVE;
				CLANG_WARN_UNREACHABLE_CODE = YES;
				CLANG_WARN__DUPLICATE_METHOD_MATCH = YES;
				COPY_PHASE_STRIP = NO;
				DEBUG_INFORMATION_FORMAT = "dwarf-with-dsym";
				ENABLE_NS_ASSERTIONS = NO;
				ENABLE_STRICT_OBJC_MSGSEND = YES;
				GCC_C_LANGUAGE_STANDARD = gnu11;
				GCC_NO_COMMON_BLOCKS = YES;
				GCC_WARN_64_TO_32_BIT_CONVERSION = YES;
				GCC_WARN_ABOUT_RETURN_TYPE = YES_ERROR;
				GCC_WARN_UNDECLARED_SELECTOR = YES;
				GCC_WARN_UNINITIALIZED_AUTOS = YES_AGGRESSIVE;
				GCC_WARN_UNUSED_FUNCTION = YES;
				GCC_WARN_UNUSED_VARIABLE = YES;
				IPHONEOS_DEPLOYMENT_TARGET = 15.2;
				MTL_ENABLE_DEBUG_INFO = NO;
				MTL_FAST_MATH = YES;
				SDKROOT = iphoneos;
				SWIFT_COMPILATION_MODE = wholemodule;
				SWIFT_OPTIMIZATION_LEVEL = "-O";
				VALIDATE_PRODUCT = YES;
			};
			name = Release;
		};
		6353514127F5CD6A001C4512 /* Debug */ = {
			isa = XCBuildConfiguration;
			buildSettings = {
				ASSETCATALOG_COMPILER_APPICON_NAME = AppIcon;
				ASSETCATALOG_COMPILER_GLOBAL_ACCENT_COLOR_NAME = AccentColor;
				CODE_SIGN_STYLE = Automatic;
				CURRENT_PROJECT_VERSION = 1;
				GENERATE_INFOPLIST_FILE = YES;
				INFOPLIST_FILE = Players_Core_Data/Info.plist;
				INFOPLIST_KEY_UIApplicationSupportsIndirectInputEvents = YES;
				INFOPLIST_KEY_UILaunchStoryboardName = LaunchScreen;
				INFOPLIST_KEY_UIMainStoryboardFile = Main;
				INFOPLIST_KEY_UISupportedInterfaceOrientations_iPad = "UIInterfaceOrientationPortrait UIInterfaceOrientationPortraitUpsideDown UIInterfaceOrientationLandscapeLeft UIInterfaceOrientationLandscapeRight";
				INFOPLIST_KEY_UISupportedInterfaceOrientations_iPhone = "UIInterfaceOrientationPortrait UIInterfaceOrientationLandscapeLeft UIInterfaceOrientationLandscapeRight";
				LD_RUNPATH_SEARCH_PATHS = (
					"$(inherited)",
					"@executable_path/Frameworks",
				);
				MARKETING_VERSION = 1.0;
				PRODUCT_BUNDLE_IDENTIFIER = "com.kmm.Players-Core-Data";
				PRODUCT_NAME = "$(TARGET_NAME)";
				SWIFT_EMIT_LOC_STRINGS = YES;
				SWIFT_VERSION = 5.0;
				TARGETED_DEVICE_FAMILY = "1,2";
			};
			name = Debug;
		};
		6353514227F5CD6A001C4512 /* Release */ = {
			isa = XCBuildConfiguration;
			buildSettings = {
				ASSETCATALOG_COMPILER_APPICON_NAME = AppIcon;
				ASSETCATALOG_COMPILER_GLOBAL_ACCENT_COLOR_NAME = AccentColor;
				CODE_SIGN_STYLE = Automatic;
				CURRENT_PROJECT_VERSION = 1;
				GENERATE_INFOPLIST_FILE = YES;
				INFOPLIST_FILE = Players_Core_Data/Info.plist;
				INFOPLIST_KEY_UIApplicationSupportsIndirectInputEvents = YES;
				INFOPLIST_KEY_UILaunchStoryboardName = LaunchScreen;
				INFOPLIST_KEY_UIMainStoryboardFile = Main;
				INFOPLIST_KEY_UISupportedInterfaceOrientations_iPad = "UIInterfaceOrientationPortrait UIInterfaceOrientationPortraitUpsideDown UIInterfaceOrientationLandscapeLeft UIInterfaceOrientationLandscapeRight";
				INFOPLIST_KEY_UISupportedInterfaceOrientations_iPhone = "UIInterfaceOrientationPortrait UIInterfaceOrientationLandscapeLeft UIInterfaceOrientationLandscapeRight";
				LD_RUNPATH_SEARCH_PATHS = (
					"$(inherited)",
					"@executable_path/Frameworks",
				);
				MARKETING_VERSION = 1.0;
				PRODUCT_BUNDLE_IDENTIFIER = "com.kmm.Players-Core-Data";
				PRODUCT_NAME = "$(TARGET_NAME)";
				SWIFT_EMIT_LOC_STRINGS = YES;
				SWIFT_VERSION = 5.0;
				TARGETED_DEVICE_FAMILY = "1,2";
			};
			name = Release;
		};
		6353514427F5CD6A001C4512 /* Debug */ = {
			isa = XCBuildConfiguration;
			buildSettings = {
				ALWAYS_EMBED_SWIFT_STANDARD_LIBRARIES = YES;
				BUNDLE_LOADER = "$(TEST_HOST)";
				CODE_SIGN_STYLE = Automatic;
				CURRENT_PROJECT_VERSION = 1;
				GENERATE_INFOPLIST_FILE = YES;
				IPHONEOS_DEPLOYMENT_TARGET = 15.2;
				MARKETING_VERSION = 1.0;
				PRODUCT_BUNDLE_IDENTIFIER = "com.kmm.Players-Core-DataTests";
				PRODUCT_NAME = "$(TARGET_NAME)";
				SWIFT_EMIT_LOC_STRINGS = NO;
				SWIFT_VERSION = 5.0;
				TARGETED_DEVICE_FAMILY = "1,2";
				TEST_HOST = "$(BUILT_PRODUCTS_DIR)/Players_Core_Data.app/Players_Core_Data";
			};
			name = Debug;
		};
		6353514527F5CD6A001C4512 /* Release */ = {
			isa = XCBuildConfiguration;
			buildSettings = {
				ALWAYS_EMBED_SWIFT_STANDARD_LIBRARIES = YES;
				BUNDLE_LOADER = "$(TEST_HOST)";
				CODE_SIGN_STYLE = Automatic;
				CURRENT_PROJECT_VERSION = 1;
				GENERATE_INFOPLIST_FILE = YES;
				IPHONEOS_DEPLOYMENT_TARGET = 15.2;
				MARKETING_VERSION = 1.0;
				PRODUCT_BUNDLE_IDENTIFIER = "com.kmm.Players-Core-DataTests";
				PRODUCT_NAME = "$(TARGET_NAME)";
				SWIFT_EMIT_LOC_STRINGS = NO;
				SWIFT_VERSION = 5.0;
				TARGETED_DEVICE_FAMILY = "1,2";
				TEST_HOST = "$(BUILT_PRODUCTS_DIR)/Players_Core_Data.app/Players_Core_Data";
			};
			name = Release;
		};
		6353514727F5CD6A001C4512 /* Debug */ = {
			isa = XCBuildConfiguration;
			buildSettings = {
				ALWAYS_EMBED_SWIFT_STANDARD_LIBRARIES = YES;
				CODE_SIGN_STYLE = Automatic;
				CURRENT_PROJECT_VERSION = 1;
				GENERATE_INFOPLIST_FILE = YES;
				MARKETING_VERSION = 1.0;
				PRODUCT_BUNDLE_IDENTIFIER = "com.kmm.Players-Core-DataUITests";
				PRODUCT_NAME = "$(TARGET_NAME)";
				SWIFT_EMIT_LOC_STRINGS = NO;
				SWIFT_VERSION = 5.0;
				TARGETED_DEVICE_FAMILY = "1,2";
				TEST_TARGET_NAME = Players_Core_Data;
			};
			name = Debug;
		};
		6353514827F5CD6A001C4512 /* Release */ = {
			isa = XCBuildConfiguration;
			buildSettings = {
				ALWAYS_EMBED_SWIFT_STANDARD_LIBRARIES = YES;
				CODE_SIGN_STYLE = Automatic;
				CURRENT_PROJECT_VERSION = 1;
				GENERATE_INFOPLIST_FILE = YES;
				MARKETING_VERSION = 1.0;
				PRODUCT_BUNDLE_IDENTIFIER = "com.kmm.Players-Core-DataUITests";
				PRODUCT_NAME = "$(TARGET_NAME)";
				SWIFT_EMIT_LOC_STRINGS = NO;
				SWIFT_VERSION = 5.0;
				TARGETED_DEVICE_FAMILY = "1,2";
				TEST_TARGET_NAME = Players_Core_Data;
			};
			name = Release;
		};
/* End XCBuildConfiguration section */

/* Begin XCConfigurationList section */
		6353510E27F5CD69001C4512 /* Build configuration list for PBXProject "Players_Core_Data" */ = {
			isa = XCConfigurationList;
			buildConfigurations = (
				6353513E27F5CD6A001C4512 /* Debug */,
				6353513F27F5CD6A001C4512 /* Release */,
			);
			defaultConfigurationIsVisible = 0;
			defaultConfigurationName = Release;
		};
		6353514027F5CD6A001C4512 /* Build configuration list for PBXNativeTarget "Players_Core_Data" */ = {
			isa = XCConfigurationList;
			buildConfigurations = (
				6353514127F5CD6A001C4512 /* Debug */,
				6353514227F5CD6A001C4512 /* Release */,
			);
			defaultConfigurationIsVisible = 0;
			defaultConfigurationName = Release;
		};
		6353514327F5CD6A001C4512 /* Build configuration list for PBXNativeTarget "Players_Core_DataTests" */ = {
			isa = XCConfigurationList;
			buildConfigurations = (
				6353514427F5CD6A001C4512 /* Debug */,
				6353514527F5CD6A001C4512 /* Release */,
			);
			defaultConfigurationIsVisible = 0;
			defaultConfigurationName = Release;
		};
		6353514627F5CD6A001C4512 /* Build configuration list for PBXNativeTarget "Players_Core_DataUITests" */ = {
			isa = XCConfigurationList;
			buildConfigurations = (
				6353514727F5CD6A001C4512 /* Debug */,
				6353514827F5CD6A001C4512 /* Release */,
			);
			defaultConfigurationIsVisible = 0;
			defaultConfigurationName = Release;
		};
/* End XCConfigurationList section */

/* Begin XCVersionGroup section */
		6353511F27F5CD69001C4512 /* Players_Core_Data.xcdatamodeld */ = {
			isa = XCVersionGroup;
			children = (
				6353512027F5CD69001C4512 /* Players_Core_Data.xcdatamodel */,
			);
			currentVersion = 6353512027F5CD69001C4512 /* Players_Core_Data.xcdatamodel */;
			path = Players_Core_Data.xcdatamodeld;
			sourceTree = "<group>";
			versionGroupType = wrapper.xcdatamodel;
		};
/* End XCVersionGroup section */
	};
	rootObject = 6353510B27F5CD69001C4512 /* Project object */;
}
